
Microsoft Visual Studio Solution File, Format Version 12.00
# Visual Studio Version 17
VisualStudioVersion = 17.3.32804.467
MinimumVisualStudioVersion = 10.0.40219.1
Project("{FAE04EC0-301F-11D3-BF4B-00C04F79EFBC}") = "EKZ.ru", "EKZ.ru\EKZ.ru.csproj", "{94318B47-F1FC-4B14-8111-18574B510815}"
EndProject
Global
	GlobalSection(SolutionConfigurationPlatforms) = preSolution
		Debug|Any CPU = Debug|Any CPU
		Release|Any CPU = Release|Any CPU
	EndGlobalSection
	GlobalSection(ProjectConfigurationPlatforms) = postSolution
		{94318B47-F1FC-4B14-8111-18574B510815}.Debug|Any CPU.ActiveCfg = Debug|Any CPU
		{94318B47-F1FC-4B14-8111-18574B510815}.Debug|Any CPU.Build.0 = Debug|Any CPU
		{94318B47-F1FC-4B14-8111-18574B510815}.Release|Any CPU.ActiveCfg = Release|Any CPU
		{94318B47-F1FC-4B14-8111-18574B510815}.Release|Any CPU.Build.0 = Release|Any CPU
	EndGlobalSection
	GlobalSection(SolutionProperties) = preSolution
		HideSolutionNode = FALSE
	EndGlobalSection
	GlobalSection(ExtensibilityGlobals) = postSolution
		SolutionGuid = {1D141FDA-F1B4-4AE7-BF07-CAC184239173}
	EndGlobalSection
EndGlobal
